
Microsoft Visual Studio Solution File, Format Version 12.00
Project("{FAE04EC0-301F-11D3-BF4B-00C04F79EFBC}") = "WebApplication2", "WebApplication2\WebApplication2.csproj", "{CA4E2833-A76F-44ED-8625-CCA0D06984A4}"
EndProject
Project("{FAE04EC0-301F-11D3-BF4B-00C04F79EFBC}") = "test", "test\test.csproj", "{07E4E202-07F4-4DBF-940A-56B856E32237}"
EndProject
Global
	GlobalSection(SolutionConfigurationPlatforms) = preSolution
		Debug|Any CPU = Debug|Any CPU
		Release|Any CPU = Release|Any CPU
	EndGlobalSection
	GlobalSection(ProjectConfigurationPlatforms) = postSolution
		{CA4E2833-A76F-44ED-8625-CCA0D06984A4}.Debug|Any CPU.ActiveCfg = Debug|Any CPU
		{CA4E2833-A76F-44ED-8625-CCA0D06984A4}.Debug|Any CPU.Build.0 = Debug|Any CPU
		{CA4E2833-A76F-44ED-8625-CCA0D06984A4}.Release|Any CPU.ActiveCfg = Release|Any CPU
		{CA4E2833-A76F-44ED-8625-CCA0D06984A4}.Release|Any CPU.Build.0 = Release|Any CPU
		{07E4E202-07F4-4DBF-940A-56B856E32237}.Debug|Any CPU.ActiveCfg = Debug|Any CPU
		{07E4E202-07F4-4DBF-940A-56B856E32237}.Debug|Any CPU.Build.0 = Debug|Any CPU
		{07E4E202-07F4-4DBF-940A-56B856E32237}.Release|Any CPU.ActiveCfg = Release|Any CPU
		{07E4E202-07F4-4DBF-940A-56B856E32237}.Release|Any CPU.Build.0 = Release|Any CPU
	EndGlobalSection
EndGlobal
